lockfileVersion: '9.0'

settings:
  autoInstallPeers: true
  excludeLinksFromLockfile: false

importers:

  .:
    dependencies:
      prompts:
        specifier: ^2.4.2
        version: 2.4.2
    devDependencies:
      '@types/node':
        specifier: ^22.1.0
        version: 22.1.0
      '@types/prompts':
        specifier: ^2.4.9
        version: 2.4.9
      execa:
        specifier: ^9.3.0
        version: 9.3.0
      pnpm:
        specifier: 9.7.0
        version: 9.7.0
      typescript:
        specifier: ^5.5.4
        version: 5.5.4
      vite:
        specifier: ^5.4.0
        version: 5.4.0(@types/node@22.1.0)
      vitest:
        specifier: ^2.0.5
        version: 2.0.5(@types/node@22.1.0)

packages:

  '@ampproject/remapping@2.3.0':
    resolution: {integrity: sha512-30iZtAPgz+LTIYoeivqYo853f02jBYSd5uGnGpkFV0M3xOt9aN73erkgYAmZU43x4VfqcnLxW9Kpg3R5LC4YYw==}
    engines: {node: '>=6.0.0'}

  '@esbuild/aix-ppc64@0.21.5':
    resolution: {integrity: sha512-1SDgH6ZSPTlggy1yI6+Dbkiz8xzpHJEVAlF/AM1tHPLsf5STom9rwtjE4hKAF20FfXXNTFqEYXyJNWh1GiZedQ==}
    engines: {node: '>=12'}
    cpu: [ppc64]
    os: [aix]

  '@esbuild/android-arm64@0.21.5':
    resolution: {integrity: sha512-c0uX9VAUBQ7dTDCjq+wdyGLowMdtR/GoC2U5IYk/7D1H1JYC0qseD7+11iMP2mRLN9RcCMRcjC4YMclCzGwS/A==}
    engines: {node: '>=12'}
    cpu: [arm64]
    os: [android]

  '@esbuild/android-arm@0.21.5':
    resolution: {integrity: sha512-vCPvzSjpPHEi1siZdlvAlsPxXl7WbOVUBBAowWug4rJHb68Ox8KualB+1ocNvT5fjv6wpkX6o/iEpbDrf68zcg==}
    engines: {node: '>=12'}
    cpu: [arm]
    os: [android]

  '@esbuild/android-x64@0.21.5':
    resolution: {integrity: sha512-D7aPRUUNHRBwHxzxRvp856rjUHRFW1SdQATKXH2hqA0kAZb1hKmi02OpYRacl0TxIGz/ZmXWlbZgjwWYaCakTA==}
    engines: {node: '>=12'}
    cpu: [x64]
    os: [android]

  '@esbuild/darwin-arm64@0.21.5':
    resolution: {integrity: sha512-DwqXqZyuk5AiWWf3UfLiRDJ5EDd49zg6O9wclZ7kUMv2WRFr4HKjXp/5t8JZ11QbQfUS6/cRCKGwYhtNAY88kQ==}
    engines: {node: '>=12'}
    cpu: [arm64]
    os: [darwin]

  '@esbuild/darwin-x64@0.21.5':
    resolution: {integrity: sha512-se/JjF8NlmKVG4kNIuyWMV/22ZaerB+qaSi5MdrXtd6R08kvs2qCN4C09miupktDitvh8jRFflwGFBQcxZRjbw==}
    engines: {node: '>=12'}
    cpu: [x64]
    os: [darwin]

  '@esbuild/freebsd-arm64@0.21.5':
    resolution: {integrity: sha512-5JcRxxRDUJLX8JXp/wcBCy3pENnCgBR9bN6JsY4OmhfUtIHe3ZW0mawA7+RDAcMLrMIZaf03NlQiX9DGyB8h4g==}
    engines: {node: '>=12'}
    cpu: [arm64]
    os: [freebsd]

  '@esbuild/freebsd-x64@0.21.5':
    resolution: {integrity: sha512-J95kNBj1zkbMXtHVH29bBriQygMXqoVQOQYA+ISs0/2l3T9/kj42ow2mpqerRBxDJnmkUDCaQT/dfNXWX/ZZCQ==}
    engines: {node: '>=12'}
    cpu: [x64]
    os: [freebsd]

  '@esbuild/linux-arm64@0.21.5':
    resolution: {integrity: sha512-ibKvmyYzKsBeX8d8I7MH/TMfWDXBF3db4qM6sy+7re0YXya+K1cem3on9XgdT2EQGMu4hQyZhan7TeQ8XkGp4Q==}
    engines: {node: '>=12'}
    cpu: [arm64]
    os: [linux]

  '@esbuild/linux-arm@0.21.5':
    resolution: {integrity: sha512-bPb5AHZtbeNGjCKVZ9UGqGwo8EUu4cLq68E95A53KlxAPRmUyYv2D6F0uUI65XisGOL1hBP5mTronbgo+0bFcA==}
    engines: {node: '>=12'}
    cpu: [arm]
    os: [linux]

  '@esbuild/linux-ia32@0.21.5':
    resolution: {integrity: sha512-YvjXDqLRqPDl2dvRODYmmhz4rPeVKYvppfGYKSNGdyZkA01046pLWyRKKI3ax8fbJoK5QbxblURkwK/MWY18Tg==}
    engines: {node: '>=12'}
    cpu: [ia32]
    os: [linux]

  '@esbuild/linux-loong64@0.21.5':
    resolution: {integrity: sha512-uHf1BmMG8qEvzdrzAqg2SIG/02+4/DHB6a9Kbya0XDvwDEKCoC8ZRWI5JJvNdUjtciBGFQ5PuBlpEOXQj+JQSg==}
    engines: {node: '>=12'}
    cpu: [loong64]
    os: [linux]

  '@esbuild/linux-mips64el@0.21.5':
    resolution: {integrity: sha512-IajOmO+KJK23bj52dFSNCMsz1QP1DqM6cwLUv3W1QwyxkyIWecfafnI555fvSGqEKwjMXVLokcV5ygHW5b3Jbg==}
    engines: {node: '>=12'}
    cpu: [mips64el]
    os: [linux]

  '@esbuild/linux-ppc64@0.21.5':
    resolution: {integrity: sha512-1hHV/Z4OEfMwpLO8rp7CvlhBDnjsC3CttJXIhBi+5Aj5r+MBvy4egg7wCbe//hSsT+RvDAG7s81tAvpL2XAE4w==}
    engines: {node: '>=12'}
    cpu: [ppc64]
    os: [linux]

  '@esbuild/linux-riscv64@0.21.5':
    resolution: {integrity: sha512-2HdXDMd9GMgTGrPWnJzP2ALSokE/0O5HhTUvWIbD3YdjME8JwvSCnNGBnTThKGEB91OZhzrJ4qIIxk/SBmyDDA==}
    engines: {node: '>=12'}
    cpu: [riscv64]
    os: [linux]

  '@esbuild/linux-s390x@0.21.5':
    resolution: {integrity: sha512-zus5sxzqBJD3eXxwvjN1yQkRepANgxE9lgOW2qLnmr8ikMTphkjgXu1HR01K4FJg8h1kEEDAqDcZQtbrRnB41A==}
    engines: {node: '>=12'}
    cpu: [s390x]
    os: [linux]

  '@esbuild/linux-x64@0.21.5':
    resolution: {integrity: sha512-1rYdTpyv03iycF1+BhzrzQJCdOuAOtaqHTWJZCWvijKD2N5Xu0TtVC8/+1faWqcP9iBCWOmjmhoH94dH82BxPQ==}
    engines: {node: '>=12'}
    cpu: [x64]
    os: [linux]

  '@esbuild/netbsd-x64@0.21.5':
    resolution: {integrity: sha512-Woi2MXzXjMULccIwMnLciyZH4nCIMpWQAs049KEeMvOcNADVxo0UBIQPfSmxB3CWKedngg7sWZdLvLczpe0tLg==}
    engines: {node: '>=12'}
    cpu: [x64]
    os: [netbsd]

  '@esbuild/openbsd-x64@0.21.5':
    resolution: {integrity: sha512-HLNNw99xsvx12lFBUwoT8EVCsSvRNDVxNpjZ7bPn947b8gJPzeHWyNVhFsaerc0n3TsbOINvRP2byTZ5LKezow==}
    engines: {node: '>=12'}
    cpu: [x64]
    os: [openbsd]

  '@esbuild/sunos-x64@0.21.5':
    resolution: {integrity: sha512-6+gjmFpfy0BHU5Tpptkuh8+uw3mnrvgs+dSPQXQOv3ekbordwnzTVEb4qnIvQcYXq6gzkyTnoZ9dZG+D4garKg==}
    engines: {node: '>=12'}
    cpu: [x64]
    os: [sunos]

  '@esbuild/win32-arm64@0.21.5':
    resolution: {integrity: sha512-Z0gOTd75VvXqyq7nsl93zwahcTROgqvuAcYDUr+vOv8uHhNSKROyU961kgtCD1e95IqPKSQKH7tBTslnS3tA8A==}
    engines: {node: '>=12'}
    cpu: [arm64]
    os: [win32]

  '@esbuild/win32-ia32@0.21.5':
    resolution: {integrity: sha512-SWXFF1CL2RVNMaVs+BBClwtfZSvDgtL//G/smwAc5oVK/UPu2Gu9tIaRgFmYFFKrmg3SyAjSrElf0TiJ1v8fYA==}
    engines: {node: '>=12'}
    cpu: [ia32]
    os: [win32]

  '@esbuild/win32-x64@0.21.5':
    resolution: {integrity: sha512-tQd/1efJuzPC6rCFwEvLtci/xNFcTZknmXs98FYDfGE4wP9ClFV98nyKrzJKVPMhdDnjzLhdUyMX4PsQAPjwIw==}
    engines: {node: '>=12'}
    cpu: [x64]
    os: [win32]

  '@jridgewell/gen-mapping@0.3.5':
    resolution: {integrity: sha512-IzL8ZoEDIBRWEzlCcRhOaCupYyN5gdIK+Q6fbFdPDg6HqX6jpkItn7DFIpW9LQzXG6Df9sA7+OKnq0qlz/GaQg==}
    engines: {node: '>=6.0.0'}

  '@jridgewell/resolve-uri@3.1.2':
    resolution: {integrity: sha512-bRISgCIjP20/tbWSPWMEi54QVPRZExkuD9lJL+UIxUKtwVJA8wW1Trb1jMs1RFXo1CBTNZ/5hpC9QvmKWdopKw==}
    engines: {node: '>=6.0.0'}

  '@jridgewell/set-array@1.2.1':
    resolution: {integrity: sha512-R8gLRTZeyp03ymzP/6Lil/28tGeGEzhx1q2k703KGWRAI1VdvPIXdG70VJc2pAMw3NA6JKL5hhFu1sJX0Mnn/A==}
    engines: {node: '>=6.0.0'}

  '@jridgewell/sourcemap-codec@1.4.15':
    resolution: {integrity: sha512-eF2rxCRulEKXHTRiDrDy6erMYWqNw4LPdQ8UQA4huuxaQsVeRPFl2oM8oDGxMFhJUWZf9McpLtJasDDZb/Bpeg==}

  '@jridgewell/trace-mapping@0.3.25':
    resolution: {integrity: sha512-vNk6aEwybGtawWmy/PzwnGDOjCkLWSD2wqvjGGAgOAwCGWySYXfYoxt00IJkTF+8Lb57DwOb3Aa0o9CApepiYQ==}

  '@rollup/rollup-android-arm-eabi@4.14.3':
    resolution: {integrity: sha512-X9alQ3XM6I9IlSlmC8ddAvMSyG1WuHk5oUnXGw+yUBs3BFoTizmG1La/Gr8fVJvDWAq+zlYTZ9DBgrlKRVY06g==}
    cpu: [arm]
    os: [android]

  '@rollup/rollup-android-arm64@4.14.3':
    resolution: {integrity: sha512-eQK5JIi+POhFpzk+LnjKIy4Ks+pwJ+NXmPxOCSvOKSNRPONzKuUvWE+P9JxGZVxrtzm6BAYMaL50FFuPe0oWMQ==}
    cpu: [arm64]
    os: [android]

  '@rollup/rollup-darwin-arm64@4.14.3':
    resolution: {integrity: sha512-Od4vE6f6CTT53yM1jgcLqNfItTsLt5zE46fdPaEmeFHvPs5SjZYlLpHrSiHEKR1+HdRfxuzXHjDOIxQyC3ptBA==}
    cpu: [arm64]
    os: [darwin]

  '@rollup/rollup-darwin-x64@4.14.3':
    resolution: {integrity: sha512-0IMAO21axJeNIrvS9lSe/PGthc8ZUS+zC53O0VhF5gMxfmcKAP4ESkKOCwEi6u2asUrt4mQv2rjY8QseIEb1aw==}
    cpu: [x64]
    os: [darwin]

  '@rollup/rollup-linux-arm-gnueabihf@4.14.3':
    resolution: {integrity: sha512-ge2DC7tHRHa3caVEoSbPRJpq7azhG+xYsd6u2MEnJ6XzPSzQsTKyXvh6iWjXRf7Rt9ykIUWHtl0Uz3T6yXPpKw==}
    cpu: [arm]
    os: [linux]

  '@rollup/rollup-linux-arm-musleabihf@4.14.3':
    resolution: {integrity: sha512-ljcuiDI4V3ySuc7eSk4lQ9wU8J8r8KrOUvB2U+TtK0TiW6OFDmJ+DdIjjwZHIw9CNxzbmXY39wwpzYuFDwNXuw==}
    cpu: [arm]
    os: [linux]

  '@rollup/rollup-linux-arm64-gnu@4.14.3':
    resolution: {integrity: sha512-Eci2us9VTHm1eSyn5/eEpaC7eP/mp5n46gTRB3Aar3BgSvDQGJZuicyq6TsH4HngNBgVqC5sDYxOzTExSU+NjA==}
    cpu: [arm64]
    os: [linux]
    libc: [glibc]

  '@rollup/rollup-linux-arm64-musl@4.14.3':
    resolution: {integrity: sha512-UrBoMLCq4E92/LCqlh+blpqMz5h1tJttPIniwUgOFJyjWI1qrtrDhhpHPuFxULlUmjFHfloWdixtDhSxJt5iKw==}
    cpu: [arm64]
    os: [linux]
    libc: [musl]

  '@rollup/rollup-linux-powerpc64le-gnu@4.14.3':
    resolution: {integrity: sha512-5aRjvsS8q1nWN8AoRfrq5+9IflC3P1leMoy4r2WjXyFqf3qcqsxRCfxtZIV58tCxd+Yv7WELPcO9mY9aeQyAmw==}
    cpu: [ppc64]
    os: [linux]
    libc: [glibc]

  '@rollup/rollup-linux-riscv64-gnu@4.14.3':
    resolution: {integrity: sha512-sk/Qh1j2/RJSX7FhEpJn8n0ndxy/uf0kI/9Zc4b1ELhqULVdTfN6HL31CDaTChiBAOgLcsJ1sgVZjWv8XNEsAQ==}
    cpu: [riscv64]
    os: [linux]
    libc: [glibc]

  '@rollup/rollup-linux-s390x-gnu@4.14.3':
    resolution: {integrity: sha512-jOO/PEaDitOmY9TgkxF/TQIjXySQe5KVYB57H/8LRP/ux0ZoO8cSHCX17asMSv3ruwslXW/TLBcxyaUzGRHcqg==}
    cpu: [s390x]
    os: [linux]
    libc: [glibc]

  '@rollup/rollup-linux-x64-gnu@4.14.3':
    resolution: {integrity: sha512-8ybV4Xjy59xLMyWo3GCfEGqtKV5M5gCSrZlxkPGvEPCGDLNla7v48S662HSGwRd6/2cSneMQWiv+QzcttLrrOA==}
    cpu: [x64]
    os: [linux]
    libc: [glibc]

  '@rollup/rollup-linux-x64-musl@4.14.3':
    resolution: {integrity: sha512-s+xf1I46trOY10OqAtZ5Rm6lzHre/UiLA1J2uOhCFXWkbZrJRkYBPO6FhvGfHmdtQ3Bx793MNa7LvoWFAm93bg==}
    cpu: [x64]
    os: [linux]
    libc: [musl]

  '@rollup/rollup-win32-arm64-msvc@4.14.3':
    resolution: {integrity: sha512-+4h2WrGOYsOumDQ5S2sYNyhVfrue+9tc9XcLWLh+Kw3UOxAvrfOrSMFon60KspcDdytkNDh7K2Vs6eMaYImAZg==}
    cpu: [arm64]
    os: [win32]

  '@rollup/rollup-win32-ia32-msvc@4.14.3':
    resolution: {integrity: sha512-T1l7y/bCeL/kUwh9OD4PQT4aM7Bq43vX05htPJJ46RTI4r5KNt6qJRzAfNfM+OYMNEVBWQzR2Gyk+FXLZfogGw==}
    cpu: [ia32]
    os: [win32]

  '@rollup/rollup-win32-x64-msvc@4.14.3':
    resolution: {integrity: sha512-/BypzV0H1y1HzgYpxqRaXGBRqfodgoBBCcsrujT6QRcakDQdfU+Lq9PENPh5jB4I44YWq+0C2eHsHya+nZY1sA==}
    cpu: [x64]
    os: [win32]

  '@sec-ant/readable-stream@0.4.1':
    resolution: {integrity: sha512-831qok9r2t8AlxLko40y2ebgSDhenenCatLVeW/uBtnHPyhHOvG0C7TvfgecV+wHzIm5KUICgzmVpWS+IMEAeg==}

  '@sindresorhus/merge-streams@4.0.0':
    resolution: {integrity: sha512-tlqY9xq5ukxTUZBmoOp+m61cqwQD5pHJtFY3Mn8CA8ps6yghLH/Hw8UPdqg4OLmFW3IFlcXnQNmo/dh8HzXYIQ==}
    engines: {node: '>=18'}

  '@types/estree@1.0.5':
    resolution: {integrity: sha512-/kYRxGDLWzHOB7q+wtSUQlFrtcdUccpfy+X+9iMBpHK8QLLhx2wIPYuS5DYtR9Wa/YlZAbIovy7qVdB1Aq6Lyw==}

  '@types/node@22.1.0':
    resolution: {integrity: sha512-AOmuRF0R2/5j1knA3c6G3HOk523Ga+l+ZXltX8SF1+5oqcXijjfTd8fY3XRZqSihEu9XhtQnKYLmkFaoxgsJHw==}

  '@types/prompts@2.4.9':
    resolution: {integrity: sha512-qTxFi6Buiu8+50/+3DGIWLHM6QuWsEKugJnnP6iv2Mc4ncxE4A/OJkjuVOA+5X0X1S/nq5VJRa8Lu+nwcvbrKA==}

  '@vitest/expect@2.0.5':
    resolution: {integrity: sha512-yHZtwuP7JZivj65Gxoi8upUN2OzHTi3zVfjwdpu2WrvCZPLwsJ2Ey5ILIPccoW23dd/zQBlJ4/dhi7DWNyXCpA==}

  '@vitest/pretty-format@2.0.5':
    resolution: {integrity: sha512-h8k+1oWHfwTkyTkb9egzwNMfJAEx4veaPSnMeKbVSjp4euqGSbQlm5+6VHwTr7u4FJslVVsUG5nopCaAYdOmSQ==}

  '@vitest/runner@2.0.5':
    resolution: {integrity: sha512-TfRfZa6Bkk9ky4tW0z20WKXFEwwvWhRY+84CnSEtq4+3ZvDlJyY32oNTJtM7AW9ihW90tX/1Q78cb6FjoAs+ig==}

  '@vitest/snapshot@2.0.5':
    resolution: {integrity: sha512-SgCPUeDFLaM0mIUHfaArq8fD2WbaXG/zVXjRupthYfYGzc8ztbFbu6dUNOblBG7XLMR1kEhS/DNnfCZ2IhdDew==}

  '@vitest/spy@2.0.5':
    resolution: {integrity: sha512-c/jdthAhvJdpfVuaexSrnawxZz6pywlTPe84LUB2m/4t3rl2fTo9NFGBG4oWgaD+FTgDDV8hJ/nibT7IfH3JfA==}

  '@vitest/utils@2.0.5':
    resolution: {integrity: sha512-d8HKbqIcya+GR67mkZbrzhS5kKhtp8dQLcmRZLGTscGVg7yImT82cIrhtn2L8+VujWcy6KZweApgNmPsTAO/UQ==}

  assertion-error@2.0.1:
    resolution: {integrity: sha512-Izi8RQcffqCeNVgFigKli1ssklIbpHnCYc6AknXGYoB6grJqyeby7jv12JUQgmTAnIDnbck1uxksT4dzN3PWBA==}
    engines: {node: '>=12'}

  cac@6.7.14:
    resolution: {integrity: sha512-b6Ilus+c3RrdDk+JhLKUAQfzzgLEPy6wcXqS7f/xe1EETvsDP6GORG7SFuOs6cID5YkqchW/LXZbX5bc8j7ZcQ==}
    engines: {node: '>=8'}

  chai@5.1.1:
    resolution: {integrity: sha512-pT1ZgP8rPNqUgieVaEY+ryQr6Q4HXNg8Ei9UnLUrjN4IA7dvQC5JB+/kxVcPNDHyBcc/26CXPkbNzq3qwrOEKA==}
    engines: {node: '>=12'}

  check-error@2.1.1:
    resolution: {integrity: sha512-OAlb+T7V4Op9OwdkjmguYRqncdlx5JiofwOAUkmTF+jNdHwzTaTs4sRAGpzLF3oOz5xAyDGrPgeIDFQmDOTiJw==}
    engines: {node: '>= 16'}

  cross-spawn@7.0.3:
    resolution: {integrity: sha512-iRDPJKUPVEND7dHPO8rkbOnPpyDygcDFtWjpeWNCgy8WP2rXcxXL8TskReQl6OrB2G7+UJrags1q15Fudc7G6w==}
    engines: {node: '>= 8'}

  debug@4.3.6:
    resolution: {integrity: sha512-O/09Bd4Z1fBrU4VzkhFqVgpPzaGbw6Sm9FEkBT1A/YBXQFGuuSxa1dN2nxgxS34JmKXqYx8CZAwEVoJFImUXIg==}
    engines: {node: '>=6.0'}
    peerDependencies:
      supports-color: '*'
    peerDependenciesMeta:
      supports-color:
        optional: true

  deep-eql@5.0.2:
    resolution: {integrity: sha512-h5k/5U50IJJFpzfL6nO9jaaumfjO/f2NjK/oYB2Djzm4p9L+3T9qWpZqZ2hAbLPuuYq9wrU08WQyBTL5GbPk5Q==}
    engines: {node: '>=6'}

  esbuild@0.21.5:
    resolution: {integrity: sha512-mg3OPMV4hXywwpoDxu3Qda5xCKQi+vCTZq8S9J/EpkhB2HzKXq4SNFZE3+NK93JYxc8VMSep+lOUSC/RVKaBqw==}
    engines: {node: '>=12'}
    hasBin: true

  estree-walker@3.0.3:
    resolution: {integrity: sha512-7RUKfXgSMMkzt6ZuXmqapOurLGPPfgj6l9uRZ7lRGolvk0y2yocc35LdcxKC5PQZdn2DMqioAQ2NoWcrTKmm6g==}

  execa@8.0.1:
    resolution: {integrity: sha512-VyhnebXciFV2DESc+p6B+y0LjSm0krU4OgJN44qFAhBY0TJ+1V61tYD2+wHusZ6F9n5K+vl8k0sTy7PEfV4qpg==}
    engines: {node: '>=16.17'}

  execa@9.3.0:
    resolution: {integrity: sha512-l6JFbqnHEadBoVAVpN5dl2yCyfX28WoBAGaoQcNmLLSedOxTxcn2Qa83s8I/PA5i56vWru2OHOtrwF7Om2vqlg==}
    engines: {node: ^18.19.0 || >=20.5.0}

  figures@6.1.0:
    resolution: {integrity: sha512-d+l3qxjSesT4V7v2fh+QnmFnUWv9lSpjarhShNTgBOfA0ttejbQUAlHLitbjkoRiDulW0OPoQPYIGhIC8ohejg==}
    engines: {node: '>=18'}

  fsevents@2.3.3:
    resolution: {integrity: sha512-5xoDfX+fL7faATnagmWPpbFtwh/R77WmMMqqHGS65C3vvB0YHrgF+B1YmZ3441tMj5n63k0212XNoJwzlhffQw==}
    engines: {node: ^8.16.0 || ^10.6.0 || >=11.0.0}
    os: [darwin]

  get-func-name@2.0.2:
    resolution: {integrity: sha512-8vXOvuE167CtIc3OyItco7N/dpRtBbYOsPsXCz7X/PMnlGjYjSGuZJgM1Y7mmew7BKf9BqvLX2tnOVy1BBUsxQ==}

  get-stream@8.0.1:
    resolution: {integrity: sha512-VaUJspBffn/LMCJVoMvSAdmscJyS1auj5Zulnn5UoYcY531UWmdwhRWkcGKnGU93m5HSXP9LP2usOryrBtQowA==}
    engines: {node: '>=16'}

  get-stream@9.0.1:
    resolution: {integrity: sha512-kVCxPF3vQM/N0B1PmoqVUqgHP+EeVjmZSQn+1oCRPxd2P21P2F19lIgbR3HBosbB1PUhOAoctJnfEn2GbN2eZA==}
    engines: {node: '>=18'}

  human-signals@5.0.0:
    resolution: {integrity: sha512-AXcZb6vzzrFAUE61HnN4mpLqd/cSIwNQjtNWR0euPm6y0iqx3G4gOXaIDdtdDwZmhwe82LA6+zinmW4UBWVePQ==}
    engines: {node: '>=16.17.0'}

  human-signals@7.0.0:
    resolution: {integrity: sha512-74kytxOUSvNbjrT9KisAbaTZ/eJwD/LrbM/kh5j0IhPuJzwuA19dWvniFGwBzN9rVjg+O/e+F310PjObDXS+9Q==}
    engines: {node: '>=18.18.0'}

  is-plain-obj@4.1.0:
    resolution: {integrity: sha512-+Pgi+vMuUNkJyExiMBt5IlFoMyKnr5zhJ4Uspz58WOhBF5QoIZkFyNHIbBAtHwzVAgk5RtndVNsDRN61/mmDqg==}
    engines: {node: '>=12'}

  is-stream@3.0.0:
    resolution: {integrity: sha512-LnQR4bZ9IADDRSkvpqMGvt/tEJWclzklNgSw48V5EAaAeDd6qGvN8ei6k5p0tvxSR171VmGyHuTiAOfxAbr8kA==}
    engines: {node: ^12.20.0 || ^14.13.1 || >=16.0.0}

  is-stream@4.0.1:
    resolution: {integrity: sha512-Dnz92NInDqYckGEUJv689RbRiTSEHCQ7wOVeALbkOz999YpqT46yMRIGtSNl2iCL1waAZSx40+h59NV/EwzV/A==}
    engines: {node: '>=18'}

  is-unicode-supported@2.0.0:
    resolution: {integrity: sha512-FRdAyx5lusK1iHG0TWpVtk9+1i+GjrzRffhDg4ovQ7mcidMQ6mj+MhKPmvh7Xwyv5gIS06ns49CA7Sqg7lC22Q==}
    engines: {node: '>=18'}

  isexe@2.0.0:
    resolution: {integrity: sha512-RHxMLp9lnKHGHRng9QFhRCMbYAcVpn69smSGcq3f36xjgVVWThj4qqLbTLlq7Ssj8B+fIQ1EuCEGI2lKsyQeIw==}

  kleur@3.0.3:
    resolution: {integrity: sha512-eTIzlVOSUR+JxdDFepEYcBMtZ9Qqdef+rnzWdRZuMbOywu5tO2w2N7rqjoANZ5k9vywhL6Br1VRjUIgTQx4E8w==}
    engines: {node: '>=6'}

  loupe@3.1.1:
    resolution: {integrity: sha512-edNu/8D5MKVfGVFRhFf8aAxiTM6Wumfz5XsaatSxlD3w4R1d/WEKUTydCdPGbl9K7QG/Ca3GnDV2sIKIpXRQcw==}

  magic-string@0.30.10:
    resolution: {integrity: sha512-iIRwTIf0QKV3UAnYK4PU8uiEc4SRh5jX0mwpIwETPpHdhVM4f53RSwS/vXvN1JhGX+Cs7B8qIq3d6AH49O5fAQ==}

  merge-stream@2.0.0:
    resolution: {integrity: sha512-abv/qOcuPfk3URPfDzmZU1LKmuw8kT+0nIHvKrKgFrwifol/doWcdA4ZqsWQ8ENrFKkd67Mfpo/LovbIUsbt3w==}

  mimic-fn@4.0.0:
    resolution: {integrity: sha512-vqiC06CuhBTUdZH+RYl8sFrL096vA45Ok5ISO6sE/Mr1jRbGH4Csnhi8f3wKVl7x8mO4Au7Ir9D3Oyv1VYMFJw==}
    engines: {node: '>=12'}

  ms@2.1.2:
    resolution: {integrity: sha512-sGkPx+VjMtmA6MX27oA4FBFELFCZZ4S4XqeGOXCv68tT+jb3vk/RyaKWP0PTKyWtmLSM0b+adUTEvbs1PEaH2w==}

  nanoid@3.3.7:
    resolution: {integrity: sha512-eSRppjcPIatRIMC1U6UngP8XFcz8MQWGQdt1MTBQ7NaAmvXDfvNxbvWV3x2y6CdEUciCSsDHDQZbhYaB8QEo2g==}
    engines: {node: ^10 || ^12 || ^13.7 || ^14 || >=15.0.1}
    hasBin: true

  npm-run-path@5.1.0:
    resolution: {integrity: sha512-sJOdmRGrY2sjNTRMbSvluQqg+8X7ZK61yvzBEIDhz4f8z1TZFYABsqjjCBd/0PUNE9M6QDgHJXQkGUEm7Q+l9Q==}
    engines: {node: ^12.20.0 || ^14.13.1 || >=16.0.0}

  npm-run-path@5.3.0:
    resolution: {integrity: sha512-ppwTtiJZq0O/ai0z7yfudtBpWIoxM8yE6nHi1X47eFR2EWORqfbu6CnPlNsjeN683eT0qG6H/Pyf9fCcvjnnnQ==}
    engines: {node: ^12.20.0 || ^14.13.1 || >=16.0.0}

  onetime@6.0.0:
    resolution: {integrity: sha512-1FlR+gjXK7X+AsAHso35MnyN5KqGwJRi/31ft6x0M194ht7S+rWAvd7PHss9xSKMzE0asv1pyIHaJYq+BbacAQ==}
    engines: {node: '>=12'}

  parse-ms@4.0.0:
    resolution: {integrity: sha512-TXfryirbmq34y8QBwgqCVLi+8oA3oWx2eAnSn62ITyEhEYaWRlVZ2DvMM9eZbMs/RfxPu/PK/aBLyGj4IrqMHw==}
    engines: {node: '>=18'}

  path-key@3.1.1:
    resolution: {integrity: sha512-ojmeN0qd+y0jszEtoY48r0Peq5dwMEkIlCOu6Q5f41lfkswXuKtYrhgoTpLnyIcHm24Uhqx+5Tqm2InSwLhE6Q==}
    engines: {node: '>=8'}

  path-key@4.0.0:
    resolution: {integrity: sha512-haREypq7xkM7ErfgIyA0z+Bj4AGKlMSdlQE2jvJo6huWD1EdkKYV+G/T4nq0YEF2vgTT8kqMFKo1uHn950r4SQ==}
    engines: {node: '>=12'}

  pathe@1.1.2:
    resolution: {integrity: sha512-whLdWMYL2TwI08hn8/ZqAbrVemu0LNaNNJZX73O6qaIdCTfXutsLhMkjdENX0qhsQ9uIimo4/aQOmXkoon2nDQ==}

  pathval@2.0.0:
    resolution: {integrity: sha512-vE7JKRyES09KiunauX7nd2Q9/L7lhok4smP9RZTDeD4MVs72Dp2qNFVz39Nz5a0FVEW0BJR6C0DYrq6unoziZA==}
    engines: {node: '>= 14.16'}

  picocolors@1.0.1:
    resolution: {integrity: sha512-anP1Z8qwhkbmu7MFP5iTt+wQKXgwzf7zTyGlcdzabySa9vd0Xt392U0rVmz9poOaBj0uHJKyyo9/upk0HrEQew==}

  pnpm@9.7.0:
    resolution: {integrity: sha512-3AlDAVa0J/Xs/HmIiJnhw50taQ8AS+cOBSMLcssXPZaDlYdUXQlCm1WsPEKcgBtNw8DgAvZTgwpCD6LdTjz5zw==}
    engines: {node: '>=18.12'}
    hasBin: true

  postcss@8.4.41:
    resolution: {integrity: sha512-TesUflQ0WKZqAvg52PWL6kHgLKP6xB6heTOdoYM0Wt2UHyxNa4K25EZZMgKns3BH1RLVbZCREPpLY0rhnNoHVQ==}
    engines: {node: ^10 || ^12 || >=14}

  pretty-ms@9.1.0:
    resolution: {integrity: sha512-o1piW0n3tgKIKCwk2vpM/vOV13zjJzvP37Ioze54YlTHE06m4tjEbzg9WsKkvTuyYln2DHjo5pY4qrZGI0otpw==}
    engines: {node: '>=18'}

  prompts@2.4.2:
    resolution: {integrity: sha512-NxNv/kLguCA7p3jE8oL2aEBsrJWgAakBpgmgK6lpPWV+WuOmY6r2/zbAVnP+T8bQlA0nzHXSJSJW0Hq7ylaD2Q==}
    engines: {node: '>= 6'}

  rollup@4.14.3:
    resolution: {integrity: sha512-ag5tTQKYsj1bhrFC9+OEWqb5O6VYgtQDO9hPDBMmIbePwhfSr+ExlcU741t8Dhw5DkPCQf6noz0jb36D6W9/hw==}
    engines: {node: '>=18.0.0', npm: '>=8.0.0'}
    hasBin: true

  shebang-command@2.0.0:
    resolution: {integrity: sha512-kHxr2zZpYtdmrN1qDjrrX/Z1rR1kG8Dx+gkpK1G4eXmvXswmcE1hTWBWYUzlraYw1/yZp6YuDY77YtvbN0dmDA==}
    engines: {node: '>=8'}

  shebang-regex@3.0.0:
    resolution: {integrity: sha512-7++dFhtcx3353uBaq8DDR4NuxBetBzC7ZQOhmTQInHEd6bSrXdiEyzCvG07Z44UYdLShWUyXt5M/yhz8ekcb1A==}
    engines: {node: '>=8'}

  siginfo@2.0.0:
    resolution: {integrity: sha512-ybx0WO1/8bSBLEWXZvEd7gMW3Sn3JFlW3TvX1nREbDLRNQNaeNN8WK0meBwPdAaOI7TtRRRJn/Es1zhrrCHu7g==}

  signal-exit@4.1.0:
    resolution: {integrity: sha512-bzyZ1e88w9O1iNJbKnOlvYTrWPDl46O1bG0D3XInv+9tkPrxrN8jUUTiFlDkkmKWgn1M6CfIA13SuGqOa9Korw==}
    engines: {node: '>=14'}

  sisteransi@1.0.5:
    resolution: {integrity: sha512-bLGGlR1QxBcynn2d5YmDX4MGjlZvy2MRBDRNHLJ8VI6l6+9FUiyTFNJ0IveOSP0bcXgVDPRcfGqA0pjaqUpfVg==}

  source-map-js@1.2.0:
    resolution: {integrity: sha512-itJW8lvSA0TXEphiRoawsCksnlf8SyvmFzIhltqAHluXd88pkCd+cXJVHTDwdCr0IzwptSm035IHQktUu1QUMg==}
    engines: {node: '>=0.10.0'}

  stackback@0.0.2:
    resolution: {integrity: sha512-1XMJE5fQo1jGH6Y/7ebnwPOBEkIEnT4QF32d5R1+VXdXveM0IBMJt8zfaxX1P3QhVwrYe+576+jkANtSS2mBbw==}

  std-env@3.7.0:
    resolution: {integrity: sha512-JPbdCEQLj1w5GilpiHAx3qJvFndqybBysA3qUOnznweH4QbNYUsW/ea8QzSrnh0vNsezMMw5bcVool8lM0gwzg==}

  strip-final-newline@3.0.0:
    resolution: {integrity: sha512-dOESqjYr96iWYylGObzd39EuNTa5VJxyvVAEm5Jnh7KGo75V43Hk1odPQkNDyXNmUR6k+gEiDVXnjB8HJ3crXw==}
    engines: {node: '>=12'}

  strip-final-newline@4.0.0:
    resolution: {integrity: sha512-aulFJcD6YK8V1G7iRB5tigAP4TsHBZZrOV8pjV++zdUwmeV8uzbY7yn6h9MswN62adStNZFuCIx4haBnRuMDaw==}
    engines: {node: '>=18'}

  tinybench@2.9.0:
    resolution: {integrity: sha512-0+DUvqWMValLmha6lr4kD8iAMK1HzV0/aKnCtWb9v9641TnP/MFb7Pc2bxoxQjTXAErryXVgUOfv2YqNllqGeg==}

  tinypool@1.0.0:
    resolution: {integrity: sha512-KIKExllK7jp3uvrNtvRBYBWBOAXSX8ZvoaD8T+7KB/QHIuoJW3Pmr60zucywjAlMb5TeXUkcs/MWeWLu0qvuAQ==}
    engines: {node: ^18.0.0 || >=20.0.0}

  tinyrainbow@1.2.0:
    resolution: {integrity: sha512-weEDEq7Z5eTHPDh4xjX789+fHfF+P8boiFB+0vbWzpbnbsEr/GRaohi/uMKxg8RZMXnl1ItAi/IUHWMsjDV7kQ==}
    engines: {node: '>=14.0.0'}

  tinyspy@3.0.0:
    resolution: {integrity: sha512-q5nmENpTHgiPVd1cJDDc9cVoYN5x4vCvwT3FMilvKPKneCBZAxn2YWQjDF0UMcE9k0Cay1gBiDfTMU0g+mPMQA==}
    engines: {node: '>=14.0.0'}

  typescript@5.5.4:
    resolution: {integrity: sha512-Mtq29sKDAEYP7aljRgtPOpTvOfbwRWlS6dPRzwjdE+C0R4brX/GUyhHSecbHMFLNBLcJIPt9nl9yG5TZ1weH+Q==}
    engines: {node: '>=14.17'}
    hasBin: true

  undici-types@6.13.0:
    resolution: {integrity: sha512-xtFJHudx8S2DSoujjMd1WeWvn7KKWFRESZTMeL1RptAYERu29D6jphMjjY+vn96jvN3kVPDNxU/E13VTaXj6jg==}

  vite-node@2.0.5:
    resolution: {integrity: sha512-LdsW4pxj0Ot69FAoXZ1yTnA9bjGohr2yNBU7QKRxpz8ITSkhuDl6h3zS/tvgz4qrNjeRnvrWeXQ8ZF7Um4W00Q==}
    engines: {node: ^18.0.0 || >=20.0.0}
    hasBin: true

  vite@5.4.0:
    resolution: {integrity: sha512-5xokfMX0PIiwCMCMb9ZJcMyh5wbBun0zUzKib+L65vAZ8GY9ePZMXxFrHbr/Kyll2+LSCY7xtERPpxkBDKngwg==}
    engines: {node: ^18.0.0 || >=20.0.0}
    hasBin: true
    peerDependencies:
      '@types/node': ^18.0.0 || >=20.0.0
      less: '*'
      lightningcss: ^1.21.0
      sass: '*'
      sass-embedded: '*'
      stylus: '*'
      sugarss: '*'
      terser: ^5.4.0
    peerDependenciesMeta:
      '@types/node':
        optional: true
      less:
        optional: true
      lightningcss:
        optional: true
      sass:
        optional: true
      sass-embedded:
        optional: true
      stylus:
        optional: true
      sugarss:
        optional: true
      terser:
        optional: true

  vitest@2.0.5:
    resolution: {integrity: sha512-8GUxONfauuIdeSl5f9GTgVEpg5BTOlplET4WEDaeY2QBiN8wSm68vxN/tb5z405OwppfoCavnwXafiaYBC/xOA==}
    engines: {node: ^18.0.0 || >=20.0.0}
    hasBin: true
    peerDependencies:
      '@edge-runtime/vm': '*'
      '@types/node': ^18.0.0 || >=20.0.0
      '@vitest/browser': 2.0.5
      '@vitest/ui': 2.0.5
      happy-dom: '*'
      jsdom: '*'
    peerDependenciesMeta:
      '@edge-runtime/vm':
        optional: true
      '@types/node':
        optional: true
      '@vitest/browser':
        optional: true
      '@vitest/ui':
        optional: true
      happy-dom:
        optional: true
      jsdom:
        optional: true

  which@2.0.2:
    resolution: {integrity: sha512-BLI3Tl1TW3Pvl70l3yq3Y64i+awpwXqsGBYWkkqMtnbXgrMD+yj7rhW0kuEDxzJaYXGjEW5ogapKNMEKNMjibA==}
    engines: {node: '>= 8'}
    hasBin: true

  why-is-node-running@2.3.0:
    resolution: {integrity: sha512-hUrmaWBdVDcxvYqnyh09zunKzROWjbZTiNy8dBEjkS7ehEDQibXJ7XvlmtbwuTclUiIyN+CyXQD4Vmko8fNm8w==}
    engines: {node: '>=8'}
    hasBin: true

  yoctocolors@2.1.1:
    resolution: {integrity: sha512-GQHQqAopRhwU8Kt1DDM8NjibDXHC8eoh1erhGAJPEyveY9qqVeXvVikNKrDz69sHowPMorbPUrH/mx8c50eiBQ==}
    engines: {node: '>=18'}

snapshots:

  '@ampproject/remapping@2.3.0':
    dependencies:
      '@jridgewell/gen-mapping': 0.3.5
      '@jridgewell/trace-mapping': 0.3.25

  '@esbuild/aix-ppc64@0.21.5':
    optional: true

  '@esbuild/android-arm64@0.21.5':
    optional: true

  '@esbuild/android-arm@0.21.5':
    optional: true

  '@esbuild/android-x64@0.21.5':
    optional: true

  '@esbuild/darwin-arm64@0.21.5':
    optional: true

  '@esbuild/darwin-x64@0.21.5':
    optional: true

  '@esbuild/freebsd-arm64@0.21.5':
    optional: true

  '@esbuild/freebsd-x64@0.21.5':
    optional: true

  '@esbuild/linux-arm64@0.21.5':
    optional: true

  '@esbuild/linux-arm@0.21.5':
    optional: true

  '@esbuild/linux-ia32@0.21.5':
    optional: true

  '@esbuild/linux-loong64@0.21.5':
    optional: true

  '@esbuild/linux-mips64el@0.21.5':
    optional: true

  '@esbuild/linux-ppc64@0.21.5':
    optional: true

  '@esbuild/linux-riscv64@0.21.5':
    optional: true

  '@esbuild/linux-s390x@0.21.5':
    optional: true

  '@esbuild/linux-x64@0.21.5':
    optional: true

  '@esbuild/netbsd-x64@0.21.5':
    optional: true

  '@esbuild/openbsd-x64@0.21.5':
    optional: true

  '@esbuild/sunos-x64@0.21.5':
    optional: true

  '@esbuild/win32-arm64@0.21.5':
    optional: true

  '@esbuild/win32-ia32@0.21.5':
    optional: true

  '@esbuild/win32-x64@0.21.5':
    optional: true

  '@jridgewell/gen-mapping@0.3.5':
    dependencies:
      '@jridgewell/set-array': 1.2.1
      '@jridgewell/sourcemap-codec': 1.4.15
      '@jridgewell/trace-mapping': 0.3.25

  '@jridgewell/resolve-uri@3.1.2': {}

  '@jridgewell/set-array@1.2.1': {}

  '@jridgewell/sourcemap-codec@1.4.15': {}

  '@jridgewell/trace-mapping@0.3.25':
    dependencies:
      '@jridgewell/resolve-uri': 3.1.2
      '@jridgewell/sourcemap-codec': 1.4.15

  '@rollup/rollup-android-arm-eabi@4.14.3':
    optional: true

  '@rollup/rollup-android-arm64@4.14.3':
    optional: true

  '@rollup/rollup-darwin-arm64@4.14.3':
    optional: true

  '@rollup/rollup-darwin-x64@4.14.3':
    optional: true

  '@rollup/rollup-linux-arm-gnueabihf@4.14.3':
    optional: true

  '@rollup/rollup-linux-arm-musleabihf@4.14.3':
    optional: true

  '@rollup/rollup-linux-arm64-gnu@4.14.3':
    optional: true

  '@rollup/rollup-linux-arm64-musl@4.14.3':
    optional: true

  '@rollup/rollup-linux-powerpc64le-gnu@4.14.3':
    optional: true

  '@rollup/rollup-linux-riscv64-gnu@4.14.3':
    optional: true

  '@rollup/rollup-linux-s390x-gnu@4.14.3':
    optional: true

  '@rollup/rollup-linux-x64-gnu@4.14.3':
    optional: true

  '@rollup/rollup-linux-x64-musl@4.14.3':
    optional: true

  '@rollup/rollup-win32-arm64-msvc@4.14.3':
    optional: true

  '@rollup/rollup-win32-ia32-msvc@4.14.3':
    optional: true

  '@rollup/rollup-win32-x64-msvc@4.14.3':
    optional: true

  '@sec-ant/readable-stream@0.4.1': {}

  '@sindresorhus/merge-streams@4.0.0': {}

  '@types/estree@1.0.5': {}

  '@types/node@22.1.0':
    dependencies:
      undici-types: 6.13.0

  '@types/prompts@2.4.9':
    dependencies:
      '@types/node': 22.1.0
      kleur: 3.0.3

  '@vitest/expect@2.0.5':
    dependencies:
      '@vitest/spy': 2.0.5
      '@vitest/utils': 2.0.5
      chai: 5.1.1
      tinyrainbow: 1.2.0

  '@vitest/pretty-format@2.0.5':
    dependencies:
      tinyrainbow: 1.2.0

  '@vitest/runner@2.0.5':
    dependencies:
      '@vitest/utils': 2.0.5
      pathe: 1.1.2

  '@vitest/snapshot@2.0.5':
    dependencies:
      '@vitest/pretty-format': 2.0.5
      magic-string: 0.30.10
      pathe: 1.1.2

  '@vitest/spy@2.0.5':
    dependencies:
      tinyspy: 3.0.0

  '@vitest/utils@2.0.5':
    dependencies:
      '@vitest/pretty-format': 2.0.5
      estree-walker: 3.0.3
      loupe: 3.1.1
      tinyrainbow: 1.2.0

  assertion-error@2.0.1: {}

  cac@6.7.14: {}

  chai@5.1.1:
    dependencies:
      assertion-error: 2.0.1
      check-error: 2.1.1
      deep-eql: 5.0.2
      loupe: 3.1.1
      pathval: 2.0.0

  check-error@2.1.1: {}

  cross-spawn@7.0.3:
    dependencies:
      path-key: 3.1.1
      shebang-command: 2.0.0
      which: 2.0.2

  debug@4.3.6:
    dependencies:
      ms: 2.1.2

  deep-eql@5.0.2: {}

  esbuild@0.21.5:
    optionalDependencies:
      '@esbuild/aix-ppc64': 0.21.5
      '@esbuild/android-arm': 0.21.5
      '@esbuild/android-arm64': 0.21.5
      '@esbuild/android-x64': 0.21.5
      '@esbuild/darwin-arm64': 0.21.5
      '@esbuild/darwin-x64': 0.21.5
      '@esbuild/freebsd-arm64': 0.21.5
      '@esbuild/freebsd-x64': 0.21.5
      '@esbuild/linux-arm': 0.21.5
      '@esbuild/linux-arm64': 0.21.5
      '@esbuild/linux-ia32': 0.21.5
      '@esbuild/linux-loong64': 0.21.5
      '@esbuild/linux-mips64el': 0.21.5
      '@esbuild/linux-ppc64': 0.21.5
      '@esbuild/linux-riscv64': 0.21.5
      '@esbuild/linux-s390x': 0.21.5
      '@esbuild/linux-x64': 0.21.5
      '@esbuild/netbsd-x64': 0.21.5
      '@esbuild/openbsd-x64': 0.21.5
      '@esbuild/sunos-x64': 0.21.5
      '@esbuild/win32-arm64': 0.21.5
      '@esbuild/win32-ia32': 0.21.5
      '@esbuild/win32-x64': 0.21.5

  estree-walker@3.0.3:
    dependencies:
      '@types/estree': 1.0.5

  execa@8.0.1:
    dependencies:
      cross-spawn: 7.0.3
      get-stream: 8.0.1
      human-signals: 5.0.0
      is-stream: 3.0.0
      merge-stream: 2.0.0
      npm-run-path: 5.1.0
      onetime: 6.0.0
      signal-exit: 4.1.0
      strip-final-newline: 3.0.0

  execa@9.3.0:
    dependencies:
      '@sindresorhus/merge-streams': 4.0.0
      cross-spawn: 7.0.3
      figures: 6.1.0
      get-stream: 9.0.1
      human-signals: 7.0.0
      is-plain-obj: 4.1.0
      is-stream: 4.0.1
      npm-run-path: 5.3.0
      pretty-ms: 9.1.0
      signal-exit: 4.1.0
      strip-final-newline: 4.0.0
      yoctocolors: 2.1.1

  figures@6.1.0:
    dependencies:
      is-unicode-supported: 2.0.0

  fsevents@2.3.3:
    optional: true

  get-func-name@2.0.2: {}

  get-stream@8.0.1: {}

  get-stream@9.0.1:
    dependencies:
      '@sec-ant/readable-stream': 0.4.1
      is-stream: 4.0.1

  human-signals@5.0.0: {}

  human-signals@7.0.0: {}

  is-plain-obj@4.1.0: {}

  is-stream@3.0.0: {}

  is-stream@4.0.1: {}

  is-unicode-supported@2.0.0: {}

  isexe@2.0.0: {}

  kleur@3.0.3: {}

  loupe@3.1.1:
    dependencies:
      get-func-name: 2.0.2

  magic-string@0.30.10:
    dependencies:
      '@jridgewell/sourcemap-codec': 1.4.15

  merge-stream@2.0.0: {}

  mimic-fn@4.0.0: {}

  ms@2.1.2: {}

  nanoid@3.3.7: {}

  npm-run-path@5.1.0:
    dependencies:
      path-key: 4.0.0

  npm-run-path@5.3.0:
    dependencies:
      path-key: 4.0.0

  onetime@6.0.0:
    dependencies:
      mimic-fn: 4.0.0

  parse-ms@4.0.0: {}

  path-key@3.1.1: {}

  path-key@4.0.0: {}

  pathe@1.1.2: {}

  pathval@2.0.0: {}

  picocolors@1.0.1: {}

  pnpm@9.7.0: {}

  postcss@8.4.41:
    dependencies:
      nanoid: 3.3.7
      picocolors: 1.0.1
      source-map-js: 1.2.0

  pretty-ms@9.1.0:
    dependencies:
      parse-ms: 4.0.0

  prompts@2.4.2:
    dependencies:
      kleur: 3.0.3
      sisteransi: 1.0.5

  rollup@4.14.3:
    dependencies:
      '@types/estree': 1.0.5
    optionalDependencies:
      '@rollup/rollup-android-arm-eabi': 4.14.3
      '@rollup/rollup-android-arm64': 4.14.3
      '@rollup/rollup-darwin-arm64': 4.14.3
      '@rollup/rollup-darwin-x64': 4.14.3
      '@rollup/rollup-linux-arm-gnueabihf': 4.14.3
      '@rollup/rollup-linux-arm-musleabihf': 4.14.3
      '@rollup/rollup-linux-arm64-gnu': 4.14.3
      '@rollup/rollup-linux-arm64-musl': 4.14.3
      '@rollup/rollup-linux-powerpc64le-gnu': 4.14.3
      '@rollup/rollup-linux-riscv64-gnu': 4.14.3
      '@rollup/rollup-linux-s390x-gnu': 4.14.3
      '@rollup/rollup-linux-x64-gnu': 4.14.3
      '@rollup/rollup-linux-x64-musl': 4.14.3
      '@rollup/rollup-win32-arm64-msvc': 4.14.3
      '@rollup/rollup-win32-ia32-msvc': 4.14.3
      '@rollup/rollup-win32-x64-msvc': 4.14.3
      fsevents: 2.3.3

  shebang-command@2.0.0:
    dependencies:
      shebang-regex: 3.0.0

  shebang-regex@3.0.0: {}

  siginfo@2.0.0: {}

  signal-exit@4.1.0: {}

  sisteransi@1.0.5: {}

  source-map-js@1.2.0: {}

  stackback@0.0.2: {}

  std-env@3.7.0: {}

  strip-final-newline@3.0.0: {}

  strip-final-newline@4.0.0: {}

  tinybench@2.9.0: {}

  tinypool@1.0.0: {}

  tinyrainbow@1.2.0: {}

  tinyspy@3.0.0: {}

  typescript@5.5.4: {}

  undici-types@6.13.0: {}

  vite-node@2.0.5(@types/node@22.1.0):
    dependencies:
      cac: 6.7.14
      debug: 4.3.6
      pathe: 1.1.2
      tinyrainbow: 1.2.0
      vite: 5.4.0(@types/node@22.1.0)
    transitivePeerDependencies:
      - '@types/node'
      - less
      - lightningcss
      - sass
      - sass-embedded
      - stylus
      - sugarss
      - supports-color
      - terser

  vite@5.4.0(@types/node@22.1.0):
    dependencies:
      esbuild: 0.21.5
      postcss: 8.4.41
      rollup: 4.14.3
    optionalDependencies:
      '@types/node': 22.1.0
      fsevents: 2.3.3

  vitest@2.0.5(@types/node@22.1.0):
    dependencies:
      '@ampproject/remapping': 2.3.0
      '@vitest/expect': 2.0.5
      '@vitest/pretty-format': 2.0.5
      '@vitest/runner': 2.0.5
      '@vitest/snapshot': 2.0.5
      '@vitest/spy': 2.0.5
      '@vitest/utils': 2.0.5
      chai: 5.1.1
      debug: 4.3.6
      execa: 8.0.1
      magic-string: 0.30.10
      pathe: 1.1.2
      std-env: 3.7.0
      tinybench: 2.9.0
      tinypool: 1.0.0
      tinyrainbow: 1.2.0
      vite: 5.4.0(@types/node@22.1.0)
      vite-node: 2.0.5(@types/node@22.1.0)
      why-is-node-running: 2.3.0
    optionalDependencies:
      '@types/node': 22.1.0
    transitivePeerDependencies:
      - less
      - lightningcss
      - sass
      - sass-embedded
      - stylus
      - sugarss
      - supports-color
      - terser

  which@2.0.2:
    dependencies:
      isexe: 2.0.0

  why-is-node-running@2.3.0:
    dependencies:
      siginfo: 2.0.0
      stackback: 0.0.2

  yoctocolors@2.1.1: {}
